
Microsoft Visual Studio Solution File, Format Version 12.00
# Visual Studio Version 16
VisualStudioVersion = 16.0.30011.22
MinimumVisualStudioVersion = 10.0.40219.1
Project("{FAE04EC0-301F-11D3-BF4B-00C04F79EFBC}") = "AskiaInterview", "AskiaInterview\AskiaInterview.csproj", "{DC0F1E4E-3A32-47E4-8D81-0FE1B5424D68}"
EndProject
Project("{FAE04EC0-301F-11D3-BF4B-00C04F79EFBC}") = "AskiaInterview.UnitTests", "AskiaInterview.UnitTests\AskiaInterview.UnitTests.csproj", "{B128EE43-4BFA-41C3-BB9F-68ED1C94D37D}"
EndProject
Global
	GlobalSection(SolutionConfigurationPlatforms) = preSolution
		Debug|Any CPU = Debug|Any CPU
		Release|Any CPU = Release|Any CPU
	EndGlobalSection
	GlobalSection(ProjectConfigurationPlatforms) = postSolution
		{DC0F1E4E-3A32-47E4-8D81-0FE1B5424D68}.Debug|Any CPU.ActiveCfg = Debug|Any CPU
		{DC0F1E4E-3A32-47E4-8D81-0FE1B5424D68}.Debug|Any CPU.Build.0 = Debug|Any CPU
		{DC0F1E4E-3A32-47E4-8D81-0FE1B5424D68}.Release|Any CPU.ActiveCfg = Release|Any CPU
		{DC0F1E4E-3A32-47E4-8D81-0FE1B5424D68}.Release|Any CPU.Build.0 = Release|Any CPU
		{B128EE43-4BFA-41C3-BB9F-68ED1C94D37D}.Debug|Any CPU.ActiveCfg = Debug|Any CPU
		{B128EE43-4BFA-41C3-BB9F-68ED1C94D37D}.Debug|Any CPU.Build.0 = Debug|Any CPU
		{B128EE43-4BFA-41C3-BB9F-68ED1C94D37D}.Release|Any CPU.ActiveCfg = Release|Any CPU
		{B128EE43-4BFA-41C3-BB9F-68ED1C94D37D}.Release|Any CPU.Build.0 = Release|Any CPU
	EndGlobalSection
	GlobalSection(SolutionProperties) = preSolution
		HideSolutionNode = FALSE
	EndGlobalSection
	GlobalSection(ExtensibilityGlobals) = postSolution
		SolutionGuid = {855582AD-5D45-4425-9465-118293ABB997}
	EndGlobalSection
EndGlobal
